
Microsoft Visual Studio Solution File, Format Version 12.00
# Visual Studio Version 17
VisualStudioVersion = 17.9.34723.18
MinimumVisualStudioVersion = 10.0.40219.1
Project("{FAE04EC0-301F-11D3-BF4B-00C04F79EFBC}") = "usoLinq", "usoLinq\usoLinq.csproj", "{4316A068-9C68-46D6-89A2-19C82795FA8F}"
EndProject
Global
	GlobalSection(SolutionConfigurationPlatforms) = preSolution
		Debug|Any CPU = Debug|Any CPU
		Release|Any CPU = Release|Any CPU
	EndGlobalSection
	GlobalSection(ProjectConfigurationPlatforms) = postSolution
		{4316A068-9C68-46D6-89A2-19C82795FA8F}.Debug|Any CPU.ActiveCfg = Debug|Any CPU
		{4316A068-9C68-46D6-89A2-19C82795FA8F}.Debug|Any CPU.Build.0 = Debug|Any CPU
		{4316A068-9C68-46D6-89A2-19C82795FA8F}.Release|Any CPU.ActiveCfg = Release|Any CPU
		{4316A068-9C68-46D6-89A2-19C82795FA8F}.Release|Any CPU.Build.0 = Release|Any CPU
	EndGlobalSection
	GlobalSection(SolutionProperties) = preSolution
		HideSolutionNode = FALSE
	EndGlobalSection
	GlobalSection(ExtensibilityGlobals) = postSolution
		SolutionGuid = {659EB43E-924E-4A59-A74A-3BAB7649C961}
	EndGlobalSection
EndGlobal
